
Microsoft Visual Studio Solution File, Format Version 12.00
# Visual Studio Version 17
VisualStudioVersion = 17.1.32210.238
MinimumVisualStudioVersion = 10.0.40219.1
Project("{9A19103F-16F7-4668-BE54-9A1E7A4F7556}") = "TranscribeAudioWpfApp", "TranscribeAudioWpfApp.csproj", "{042B67DC-1159-4E9D-9993-97FF0745373E}"
EndProject
Global
	GlobalSection(SolutionConfigurationPlatforms) = preSolution
		Debug|Any CPU = Debug|Any CPU
		Release|Any CPU = Release|Any CPU
	EndGlobalSection
	GlobalSection(ProjectConfigurationPlatforms) = postSolution
		{042B67DC-1159-4E9D-9993-97FF0745373E}.Debug|Any CPU.ActiveCfg = Debug|Any CPU
		{042B67DC-1159-4E9D-9993-97FF0745373E}.Debug|Any CPU.Build.0 = Debug|Any CPU
		{042B67DC-1159-4E9D-9993-97FF0745373E}.Release|Any CPU.ActiveCfg = Release|Any CPU
		{042B67DC-1159-4E9D-9993-97FF0745373E}.Release|Any CPU.Build.0 = Release|Any CPU
	EndGlobalSection
	GlobalSection(SolutionProperties) = preSolution
		HideSolutionNode = FALSE
	EndGlobalSection
	GlobalSection(ExtensibilityGlobals) = postSolution
		SolutionGuid = {E8C6B20D-68D1-4B2B-9060-076A86AE2AE0}
	EndGlobalSection
EndGlobal
